
Microsoft Visual Studio Solution File, Format Version 12.00
# Visual Studio Version 16
VisualStudioVersion = 16.0.31205.134
MinimumVisualStudioVersion = 10.0.40219.1
Project("{FAE04EC0-301F-11D3-BF4B-00C04F79EFBC}") = "Teste-logica-f360", "Teste-logica-f360.csproj", "{9564FBCD-983D-47DC-88BF-98F9ED256D36}"
EndProject
Global
	GlobalSection(SolutionConfigurationPlatforms) = preSolution
		Debug|Any CPU = Debug|Any CPU
		Release|Any CPU = Release|Any CPU
	EndGlobalSection
	GlobalSection(ProjectConfigurationPlatforms) = postSolution
		{9564FBCD-983D-47DC-88BF-98F9ED256D36}.Debug|Any CPU.ActiveCfg = Debug|Any CPU
		{9564FBCD-983D-47DC-88BF-98F9ED256D36}.Debug|Any CPU.Build.0 = Debug|Any CPU
		{9564FBCD-983D-47DC-88BF-98F9ED256D36}.Release|Any CPU.ActiveCfg = Release|Any CPU
		{9564FBCD-983D-47DC-88BF-98F9ED256D36}.Release|Any CPU.Build.0 = Release|Any CPU
	EndGlobalSection
	GlobalSection(SolutionProperties) = preSolution
		HideSolutionNode = FALSE
	EndGlobalSection
	GlobalSection(ExtensibilityGlobals) = postSolution
		SolutionGuid = {FF924FC8-7B94-4A9D-88B3-9B8FD892BAAA}
	EndGlobalSection
EndGlobal
